
Microsoft Visual Studio Solution File, Format Version 12.00
# Visual Studio 15
VisualStudioVersion = 15.0.28307.329
MinimumVisualStudioVersion = 10.0.40219.1
Project("{FAE04EC0-301F-11D3-BF4B-00C04F79EFBC}") = "ratchet-quadtree", "ratchet-quadtree\ratchet-quadtree.csproj", "{077BC62A-189C-4021-B9F7-C18E9670B72B}"
EndProject
Project("{2150E333-8FDC-42A3-9474-1A3956D46DE8}") = "Samples", "Samples", "{729AA9AA-B3FB-44A1-A3CA-3B3FE37E58C5}"
EndProject
Project("{FAE04EC0-301F-11D3-BF4B-00C04F79EFBC}") = "Particles", "Samples\Particles\Particles.csproj", "{C8AFE637-9D4C-4CE1-A788-34BA9CB7223B}"
EndProject
Global
	GlobalSection(SolutionConfigurationPlatforms) = preSolution
		Debug|Any CPU = Debug|Any CPU
		Release|Any CPU = Release|Any CPU
	EndGlobalSection
	GlobalSection(ProjectConfigurationPlatforms) = postSolution
		{077BC62A-189C-4021-B9F7-C18E9670B72B}.Debug|Any CPU.ActiveCfg = Debug|Any CPU
		{077BC62A-189C-4021-B9F7-C18E9670B72B}.Debug|Any CPU.Build.0 = Debug|Any CPU
		{077BC62A-189C-4021-B9F7-C18E9670B72B}.Release|Any CPU.ActiveCfg = Release|Any CPU
		{077BC62A-189C-4021-B9F7-C18E9670B72B}.Release|Any CPU.Build.0 = Release|Any CPU
		{C8AFE637-9D4C-4CE1-A788-34BA9CB7223B}.Debug|Any CPU.ActiveCfg = Debug|Any CPU
		{C8AFE637-9D4C-4CE1-A788-34BA9CB7223B}.Debug|Any CPU.Build.0 = Debug|Any CPU
		{C8AFE637-9D4C-4CE1-A788-34BA9CB7223B}.Release|Any CPU.ActiveCfg = Release|Any CPU
		{C8AFE637-9D4C-4CE1-A788-34BA9CB7223B}.Release|Any CPU.Build.0 = Release|Any CPU
	EndGlobalSection
	GlobalSection(SolutionProperties) = preSolution
		HideSolutionNode = FALSE
	EndGlobalSection
	GlobalSection(NestedProjects) = preSolution
		{C8AFE637-9D4C-4CE1-A788-34BA9CB7223B} = {729AA9AA-B3FB-44A1-A3CA-3B3FE37E58C5}
	EndGlobalSection
	GlobalSection(ExtensibilityGlobals) = postSolution
		SolutionGuid = {60C75A46-70AA-4FD9-8DBF-BA70ECDC281E}
	EndGlobalSection
EndGlobal
