
Microsoft Visual Studio Solution File, Format Version 12.00
# Visual Studio Version 16
VisualStudioVersion = 16.0.29613.14
MinimumVisualStudioVersion = 10.0.40219.1
Project("{FAE04EC0-301F-11D3-BF4B-00C04F79EFBC}") = "ratchet-quadtree", "ratchet-quadtree\ratchet-quadtree.csproj", "{077BC62A-189C-4021-B9F7-C18E9670B72B}"
EndProject
Project("{2150E333-8FDC-42A3-9474-1A3956D46DE8}") = "Samples", "Samples", "{729AA9AA-B3FB-44A1-A3CA-3B3FE37E58C5}"
EndProject
Project("{FAE04EC0-301F-11D3-BF4B-00C04F79EFBC}") = "Particles", "Samples\Particles\Particles.csproj", "{C8AFE637-9D4C-4CE1-A788-34BA9CB7223B}"
EndProject
Project("{2150E333-8FDC-42A3-9474-1A3956D46DE8}") = "Build", "Build", "{F8965955-3BF2-4CD0-8493-2FD6552FAAED}"
EndProject
Project("{FAE04EC0-301F-11D3-BF4B-00C04F79EFBC}") = "ratchet-quadtree-net40", "Build\ratchet-quadtree-net40\ratchet-quadtree-net40.csproj", "{FA5C8C92-7505-4687-B5F6-E6DC67F1E06C}"
EndProject
Project("{FAE04EC0-301F-11D3-BF4B-00C04F79EFBC}") = "ratchet-quadtree-net45", "Build\ratchet-quadtree-net45\ratchet-quadtree-net45.csproj", "{AC73A067-5CB7-4FDF-8E73-E15BF3861429}"
EndProject
Project("{FAE04EC0-301F-11D3-BF4B-00C04F79EFBC}") = "ratchet-quadtree-net46", "Build\ratchet-quadtree-net46\ratchet-quadtree-net46.csproj", "{DB7BCAF9-4B91-4367-AAB2-1BD3BCC76515}"
EndProject
Project("{9A19103F-16F7-4668-BE54-9A1E7A4F7556}") = "ratchet-quadtree-netstandard20", "Build\ratchet-quadtree-netstandard20\ratchet-quadtree-netstandard20.csproj", "{A69940F8-61AD-498E-A972-E27390892F60}"
EndProject
Project("{9A19103F-16F7-4668-BE54-9A1E7A4F7556}") = "ratchet-quadtree-netstandard13", "Build\ratchet-quadtree-netstandard13\ratchet-quadtree-netstandard13.csproj", "{461D8997-4A9E-43ED-9D13-4181D5080600}"
EndProject
Project("{FAE04EC0-301F-11D3-BF4B-00C04F79EFBC}") = "ratchet-quadtree-netstandard21", "Build\ratchet-quadtree-netstandard21\ratchet-quadtree-netstandard21.csproj", "{8E49364A-224E-4C39-A914-E0B17884AB34}"
EndProject
Global
	GlobalSection(SolutionConfigurationPlatforms) = preSolution
		Debug|Any CPU = Debug|Any CPU
		Release|Any CPU = Release|Any CPU
	EndGlobalSection
	GlobalSection(ProjectConfigurationPlatforms) = postSolution
		{077BC62A-189C-4021-B9F7-C18E9670B72B}.Debug|Any CPU.ActiveCfg = Debug|Any CPU
		{077BC62A-189C-4021-B9F7-C18E9670B72B}.Debug|Any CPU.Build.0 = Debug|Any CPU
		{077BC62A-189C-4021-B9F7-C18E9670B72B}.Release|Any CPU.ActiveCfg = Release|Any CPU
		{077BC62A-189C-4021-B9F7-C18E9670B72B}.Release|Any CPU.Build.0 = Release|Any CPU
		{C8AFE637-9D4C-4CE1-A788-34BA9CB7223B}.Debug|Any CPU.ActiveCfg = Debug|Any CPU
		{C8AFE637-9D4C-4CE1-A788-34BA9CB7223B}.Debug|Any CPU.Build.0 = Debug|Any CPU
		{C8AFE637-9D4C-4CE1-A788-34BA9CB7223B}.Release|Any CPU.ActiveCfg = Release|Any CPU
		{C8AFE637-9D4C-4CE1-A788-34BA9CB7223B}.Release|Any CPU.Build.0 = Release|Any CPU
		{FA5C8C92-7505-4687-B5F6-E6DC67F1E06C}.Debug|Any CPU.ActiveCfg = Debug|Any CPU
		{FA5C8C92-7505-4687-B5F6-E6DC67F1E06C}.Debug|Any CPU.Build.0 = Debug|Any CPU
		{FA5C8C92-7505-4687-B5F6-E6DC67F1E06C}.Release|Any CPU.ActiveCfg = Release|Any CPU
		{FA5C8C92-7505-4687-B5F6-E6DC67F1E06C}.Release|Any CPU.Build.0 = Release|Any CPU
		{AC73A067-5CB7-4FDF-8E73-E15BF3861429}.Debug|Any CPU.ActiveCfg = Debug|Any CPU
		{AC73A067-5CB7-4FDF-8E73-E15BF3861429}.Debug|Any CPU.Build.0 = Debug|Any CPU
		{AC73A067-5CB7-4FDF-8E73-E15BF3861429}.Release|Any CPU.ActiveCfg = Release|Any CPU
		{AC73A067-5CB7-4FDF-8E73-E15BF3861429}.Release|Any CPU.Build.0 = Release|Any CPU
		{DB7BCAF9-4B91-4367-AAB2-1BD3BCC76515}.Debug|Any CPU.ActiveCfg = Debug|Any CPU
		{DB7BCAF9-4B91-4367-AAB2-1BD3BCC76515}.Debug|Any CPU.Build.0 = Debug|Any CPU
		{DB7BCAF9-4B91-4367-AAB2-1BD3BCC76515}.Release|Any CPU.ActiveCfg = Release|Any CPU
		{DB7BCAF9-4B91-4367-AAB2-1BD3BCC76515}.Release|Any CPU.Build.0 = Release|Any CPU
		{A69940F8-61AD-498E-A972-E27390892F60}.Debug|Any CPU.ActiveCfg = Debug|Any CPU
		{A69940F8-61AD-498E-A972-E27390892F60}.Debug|Any CPU.Build.0 = Debug|Any CPU
		{A69940F8-61AD-498E-A972-E27390892F60}.Release|Any CPU.ActiveCfg = Release|Any CPU
		{A69940F8-61AD-498E-A972-E27390892F60}.Release|Any CPU.Build.0 = Release|Any CPU
		{461D8997-4A9E-43ED-9D13-4181D5080600}.Debug|Any CPU.ActiveCfg = Debug|Any CPU
		{461D8997-4A9E-43ED-9D13-4181D5080600}.Debug|Any CPU.Build.0 = Debug|Any CPU
		{461D8997-4A9E-43ED-9D13-4181D5080600}.Release|Any CPU.ActiveCfg = Release|Any CPU
		{461D8997-4A9E-43ED-9D13-4181D5080600}.Release|Any CPU.Build.0 = Release|Any CPU
		{8E49364A-224E-4C39-A914-E0B17884AB34}.Debug|Any CPU.ActiveCfg = Debug|Any CPU
		{8E49364A-224E-4C39-A914-E0B17884AB34}.Debug|Any CPU.Build.0 = Debug|Any CPU
		{8E49364A-224E-4C39-A914-E0B17884AB34}.Release|Any CPU.ActiveCfg = Release|Any CPU
		{8E49364A-224E-4C39-A914-E0B17884AB34}.Release|Any CPU.Build.0 = Release|Any CPU
	EndGlobalSection
	GlobalSection(SolutionProperties) = preSolution
		HideSolutionNode = FALSE
	EndGlobalSection
	GlobalSection(NestedProjects) = preSolution
		{C8AFE637-9D4C-4CE1-A788-34BA9CB7223B} = {729AA9AA-B3FB-44A1-A3CA-3B3FE37E58C5}
		{FA5C8C92-7505-4687-B5F6-E6DC67F1E06C} = {F8965955-3BF2-4CD0-8493-2FD6552FAAED}
		{AC73A067-5CB7-4FDF-8E73-E15BF3861429} = {F8965955-3BF2-4CD0-8493-2FD6552FAAED}
		{DB7BCAF9-4B91-4367-AAB2-1BD3BCC76515} = {F8965955-3BF2-4CD0-8493-2FD6552FAAED}
		{A69940F8-61AD-498E-A972-E27390892F60} = {F8965955-3BF2-4CD0-8493-2FD6552FAAED}
		{461D8997-4A9E-43ED-9D13-4181D5080600} = {F8965955-3BF2-4CD0-8493-2FD6552FAAED}
		{8E49364A-224E-4C39-A914-E0B17884AB34} = {F8965955-3BF2-4CD0-8493-2FD6552FAAED}
	EndGlobalSection
	GlobalSection(ExtensibilityGlobals) = postSolution
		SolutionGuid = {60C75A46-70AA-4FD9-8DBF-BA70ECDC281E}
	EndGlobalSection
EndGlobal
